// !$*UTF8*$!
{
	archiveVersion = 1;
	classes = {
	};
	objectVersion = 56;
	objects = {

/* Begin PBXBuildFile section */
		6D1A93852BB7520400583EE0 /* HandiCraftsApp.swift in Sources */ = {isa = PBXBuildFile; fileRef = 6D1A93842BB7520400583EE0 /* HandiCraftsApp.swift */; };
		6D1A93872BB7520400583EE0 /* ContentView.swift in Sources */ = {isa = PBXBuildFile; fileRef = 6D1A93862BB7520400583EE0 /* ContentView.swift */; };
		6D1A93892BB7520600583EE0 /* Assets.xcassets in Resources */ = {isa = PBXBuildFile; fileRef = 6D1A93882BB7520600583EE0 /* Assets.xcassets */; };
		6D1A938C2BB7520600583EE0 /* Preview Assets.xcassets in Resources */ = {isa = PBXBuildFile; fileRef = 6D1A938B2BB7520600583EE0 /* Preview Assets.xcassets */; };
		6D1A93962BB7520600583EE0 /* HandiCraftsTests.swift in Sources */ = {isa = PBXBuildFile; fileRef = 6D1A93952BB7520600583EE0 /* HandiCraftsTests.swift */; };
		6D1A93A02BB7520600583EE0 /* HandiCraftsUITests.swift in Sources */ = {isa = PBXBuildFile; fileRef = 6D1A939F2BB7520600583EE0 /* HandiCraftsUITests.swift */; };
		6D1A93A22BB7520600583EE0 /* HandiCraftsUITestsLaunchTests.swift in Sources */ = {isa = PBXBuildFile; fileRef = 6D1A93A12BB7520600583EE0 /* HandiCraftsUITestsLaunchTests.swift */; };
		6D1A93B12BB75A1E00583EE0 /* WelcomeView.swift in Sources */ = {isa = PBXBuildFile; fileRef = 6D1A93B02BB75A1E00583EE0 /* WelcomeView.swift */; };
		6D1A93B32BB75A4100583EE0 /* LoginView.swift in Sources */ = {isa = PBXBuildFile; fileRef = 6D1A93B22BB75A4100583EE0 /* LoginView.swift */; };
		6D1A93B52BB75A5400583EE0 /* SignUpView.swift in Sources */ = {isa = PBXBuildFile; fileRef = 6D1A93B42BB75A5400583EE0 /* SignUpView.swift */; };
/* End PBXBuildFile section */

/* Begin PBXContainerItemProxy section */
		6D1A93922BB7520600583EE0 /* PBXContainerItemProxy */ = {
			isa = PBXContainerItemProxy;
			containerPortal = 6D1A93792BB7520300583EE0 /* Project object */;
			proxyType = 1;
			remoteGlobalIDString = 6D1A93802BB7520400583EE0;
			remoteInfo = HandiCrafts;
		};
		6D1A939C2BB7520600583EE0 /* PBXContainerItemProxy */ = {
			isa = PBXContainerItemProxy;
			containerPortal = 6D1A93792BB7520300583EE0 /* Project object */;
			proxyType = 1;
			remoteGlobalIDString = 6D1A93802BB7520400583EE0;
			remoteInfo = HandiCrafts;
		};
/* End PBXContainerItemProxy section */

/* Begin PBXFileReference section */
		6D1A93812BB7520400583EE0 /* HandiCrafts.app */ = {isa = PBXFileReference; explicitFileType = wrapper.application; includeInIndex = 0; path = HandiCrafts.app; sourceTree = BUILT_PRODUCTS_DIR; };
		6D1A93842BB7520400583EE0 /* HandiCraftsApp.swift */ = {isa = PBXFileReference; lastKnownFileType = sourcecode.swift; path = HandiCraftsApp.swift; sourceTree = "<group>"; };
		6D1A93862BB7520400583EE0 /* ContentView.swift */ = {isa = PBXFileReference; lastKnownFileType = sourcecode.swift; path = ContentView.swift; sourceTree = "<group>"; };
		6D1A93882BB7520600583EE0 /* Assets.xcassets */ = {isa = PBXFileReference; lastKnownFileType = folder.assetcatalog; path = Assets.xcassets; sourceTree = "<group>"; };
		6D1A938B2BB7520600583EE0 /* Preview Assets.xcassets */ = {isa = PBXFileReference; lastKnownFileType = folder.assetcatalog; path = "Preview Assets.xcassets"; sourceTree = "<group>"; };
		6D1A93912BB7520600583EE0 /* HandiCraftsTests.xctest */ = {isa = PBXFileReference; explicitFileType = wrapper.cfbundle; includeInIndex = 0; path = HandiCraftsTests.xctest; sourceTree = BUILT_PRODUCTS_DIR; };
		6D1A93952BB7520600583EE0 /* HandiCraftsTests.swift */ = {isa = PBXFileReference; lastKnownFileType = sourcecode.swift; path = HandiCraftsTests.swift; sourceTree = "<group>"; };
		6D1A939B2BB7520600583EE0 /* HandiCraftsUITests.xctest */ = {isa = PBXFileReference; explicitFileType = wrapper.cfbundle; includeInIndex = 0; path = HandiCraftsUITests.xctest; sourceTree = BUILT_PRODUCTS_DIR; };
		6D1A939F2BB7520600583EE0 /* HandiCraftsUITests.swift */ = {isa = PBXFileReference; lastKnownFileType = sourcecode.swift; path = HandiCraftsUITests.swift; sourceTree = "<group>"; };
		6D1A93A12BB7520600583EE0 /* HandiCraftsUITestsLaunchTests.swift */ = {isa = PBXFileReference; lastKnownFileType = sourcecode.swift; path = HandiCraftsUITestsLaunchTests.swift; sourceTree = "<group>"; };
		6D1A93B02BB75A1E00583EE0 /* WelcomeView.swift */ = {isa = PBXFileReference; lastKnownFileType = sourcecode.swift; path = WelcomeView.swift; sourceTree = "<group>"; };
		6D1A93B22BB75A4100583EE0 /* LoginView.swift */ = {isa = PBXFileReference; lastKnownFileType = sourcecode.swift; path = LoginView.swift; sourceTree = "<group>"; };
		6D1A93B42BB75A5400583EE0 /* SignUpView.swift */ = {isa = PBXFileReference; lastKnownFileType = sourcecode.swift; path = SignUpView.swift; sourceTree = "<group>"; };
/* End PBXFileReference section */

/* Begin PBXFrameworksBuildPhase section */
		6D1A937E2BB7520400583EE0 /* Frameworks */ = {
			isa = PBXFrameworksBuildPhase;
			buildActionMask = 2147483647;
			files = (
			);
			runOnlyForDeploymentPostprocessing = 0;
		};
		6D1A938E2BB7520600583EE0 /* Frameworks */ = {
			isa = PBXFrameworksBuildPhase;
			buildActionMask = 2147483647;
			files = (
			);
			runOnlyForDeploymentPostprocessing = 0;
		};
		6D1A93982BB7520600583EE0 /* Frameworks */ = {
			isa = PBXFrameworksBuildPhase;
			buildActionMask = 2147483647;
			files = (
			);
			runOnlyForDeploymentPostprocessing = 0;
		};
/* End PBXFrameworksBuildPhase section */

/* Begin PBXGroup section */
		6D1A93782BB7520300583EE0 = {
			isa = PBXGroup;
			children = (
				6D1A93832BB7520400583EE0 /* HandiCrafts */,
				6D1A93942BB7520600583EE0 /* HandiCraftsTests */,
				6D1A939E2BB7520600583EE0 /* HandiCraftsUITests */,
				6D1A93822BB7520400583EE0 /* Products */,
			);
			sourceTree = "<group>";
		};
		6D1A93822BB7520400583EE0 /* Products */ = {
			isa = PBXGroup;
			children = (
				6D1A93812BB7520400583EE0 /* HandiCrafts.app */,
				6D1A93912BB7520600583EE0 /* HandiCraftsTests.xctest */,
				6D1A939B2BB7520600583EE0 /* HandiCraftsUITests.xctest */,
			);
			name = Products;
			sourceTree = "<group>";
		};
		6D1A93832BB7520400583EE0 /* HandiCrafts */ = {
			isa = PBXGroup;
			children = (
				6D1A93AE2BB75A0A00583EE0 /* View */,
				6D1A93842BB7520400583EE0 /* HandiCraftsApp.swift */,
				6D1A93862BB7520400583EE0 /* ContentView.swift */,
				6D1A93882BB7520600583EE0 /* Assets.xcassets */,
				6D1A938A2BB7520600583EE0 /* Preview Content */,
			);
			path = HandiCrafts;
			sourceTree = "<group>";
		};
		6D1A938A2BB7520600583EE0 /* Preview Content */ = {
			isa = PBXGroup;
			children = (
				6D1A938B2BB7520600583EE0 /* Preview Assets.xcassets */,
			);
			path = "Preview Content";
			sourceTree = "<group>";
		};
		6D1A93942BB7520600583EE0 /* HandiCraftsTests */ = {
			isa = PBXGroup;
			children = (
				6D1A93952BB7520600583EE0 /* HandiCraftsTests.swift */,
			);
			path = HandiCraftsTests;
			sourceTree = "<group>";
		};
		6D1A939E2BB7520600583EE0 /* HandiCraftsUITests */ = {
			isa = PBXGroup;
			children = (
				6D1A939F2BB7520600583EE0 /* HandiCraftsUITests.swift */,
				6D1A93A12BB7520600583EE0 /* HandiCraftsUITestsLaunchTests.swift */,
			);
			path = HandiCraftsUITests;
			sourceTree = "<group>";
		};
		6D1A93AE2BB75A0A00583EE0 /* View */ = {
			isa = PBXGroup;
			children = (
				6D1A93AF2BB75A1100583EE0 /* Login */,
			);
			path = View;
			sourceTree = "<group>";
		};
		6D1A93AF2BB75A1100583EE0 /* Login */ = {
			isa = PBXGroup;
			children = (
				6D1A93B02BB75A1E00583EE0 /* WelcomeView.swift */,
				6D1A93B22BB75A4100583EE0 /* LoginView.swift */,
				6D1A93B42BB75A5400583EE0 /* SignUpView.swift */,
			);
			path = Login;
			sourceTree = "<group>";
		};
/* End PBXGroup section */

/* Begin PBXNativeTarget section */
		6D1A93802BB7520400583EE0 /* HandiCrafts */ = {
			isa = PBXNativeTarget;
			buildConfigurationList = 6D1A93A52BB7520600583EE0 /* Build configuration list for PBXNativeTarget "HandiCrafts" */;
			buildPhases = (
				6D1A937D2BB7520400583EE0 /* Sources */,
				6D1A937E2BB7520400583EE0 /* Frameworks */,
				6D1A937F2BB7520400583EE0 /* Resources */,
			);
			buildRules = (
			);
			dependencies = (
			);
			name = HandiCrafts;
			productName = HandiCrafts;
			productReference = 6D1A93812BB7520400583EE0 /* HandiCrafts.app */;
			productType = "com.apple.product-type.application";
		};
		6D1A93902BB7520600583EE0 /* HandiCraftsTests */ = {
			isa = PBXNativeTarget;
			buildConfigurationList = 6D1A93A82BB7520600583EE0 /* Build configuration list for PBXNativeTarget "HandiCraftsTests" */;
			buildPhases = (
				6D1A938D2BB7520600583EE0 /* Sources */,
				6D1A938E2BB7520600583EE0 /* Frameworks */,
				6D1A938F2BB7520600583EE0 /* Resources */,
			);
			buildRules = (
			);
			dependencies = (
				6D1A93932BB7520600583EE0 /* PBXTargetDependency */,
			);
			name = HandiCraftsTests;
			productName = HandiCraftsTests;
			productReference = 6D1A93912BB7520600583EE0 /* HandiCraftsTests.xctest */;
			productType = "com.apple.product-type.bundle.unit-test";
		};
		6D1A939A2BB7520600583EE0 /* HandiCraftsUITests */ = {
			isa = PBXNativeTarget;
			buildConfigurationList = 6D1A93AB2BB7520600583EE0 /* Build configuration list for PBXNativeTarget "HandiCraftsUITests" */;
			buildPhases = (
				6D1A93972BB7520600583EE0 /* Sources */,
				6D1A93982BB7520600583EE0 /* Frameworks */,
				6D1A93992BB7520600583EE0 /* Resources */,
			);
			buildRules = (
			);
			dependencies = (
				6D1A939D2BB7520600583EE0 /* PBXTargetDependency */,
			);
			name = HandiCraftsUITests;
			productName = HandiCraftsUITests;
			productReference = 6D1A939B2BB7520600583EE0 /* HandiCraftsUITests.xctest */;
			productType = "com.apple.product-type.bundle.ui-testing";
		};
/* End PBXNativeTarget section */

/* Begin PBXProject section */
		6D1A93792BB7520300583EE0 /* Project object */ = {
			isa = PBXProject;
			attributes = {
				BuildIndependentTargetsInParallel = 1;
				LastSwiftUpdateCheck = 1530;
				LastUpgradeCheck = 1530;
				TargetAttributes = {
					6D1A93802BB7520400583EE0 = {
						CreatedOnToolsVersion = 15.3;
					};
					6D1A93902BB7520600583EE0 = {
						CreatedOnToolsVersion = 15.3;
						TestTargetID = 6D1A93802BB7520400583EE0;
					};
					6D1A939A2BB7520600583EE0 = {
						CreatedOnToolsVersion = 15.3;
						TestTargetID = 6D1A93802BB7520400583EE0;
					};
				};
			};
			buildConfigurationList = 6D1A937C2BB7520300583EE0 /* Build configuration list for PBXProject "HandiCrafts" */;
			compatibilityVersion = "Xcode 14.0";
			developmentRegion = en;
			hasScannedForEncodings = 0;
			knownRegions = (
				en,
				Base,
			);
			mainGroup = 6D1A93782BB7520300583EE0;
			productRefGroup = 6D1A93822BB7520400583EE0 /* Products */;
			projectDirPath = "";
			projectRoot = "";
			targets = (
				6D1A93802BB7520400583EE0 /* HandiCrafts */,
				6D1A93902BB7520600583EE0 /* HandiCraftsTests */,
				6D1A939A2BB7520600583EE0 /* HandiCraftsUITests */,
			);
		};
/* End PBXProject section */

/* Begin PBXResourcesBuildPhase section */
		6D1A937F2BB7520400583EE0 /* Resources */ = {
			isa = PBXResourcesBuildPhase;
			buildActionMask = 2147483647;
			files = (
				6D1A938C2BB7520600583EE0 /* Preview Assets.xcassets in Resources */,
				6D1A93892BB7520600583EE0 /* Assets.xcassets in Resources */,
			);
			runOnlyForDeploymentPostprocessing = 0;
		};
		6D1A938F2BB7520600583EE0 /* Resources */ = {
			isa = PBXResourcesBuildPhase;
			buildActionMask = 2147483647;
			files = (
			);
			runOnlyForDeploymentPostprocessing = 0;
		};
		6D1A93992BB7520600583EE0 /* Resources */ = {
			isa = PBXResourcesBuildPhase;
			buildActionMask = 2147483647;
			files = (
			);
			runOnlyForDeploymentPostprocessing = 0;
		};
/* End PBXResourcesBuildPhase section */

/* Begin PBXSourcesBuildPhase section */
		6D1A937D2BB7520400583EE0 /* Sources */ = {
			isa = PBXSourcesBuildPhase;
			buildActionMask = 2147483647;
			files = (
				6D1A93872BB7520400583EE0 /* ContentView.swift in Sources */,
				6D1A93B52BB75A5400583EE0 /* SignUpView.swift in Sources */,
				6D1A93B12BB75A1E00583EE0 /* WelcomeView.swift in Sources */,
				6D1A93B32BB75A4100583EE0 /* LoginView.swift in Sources */,
				6D1A93852BB7520400583EE0 /* HandiCraftsApp.swift in Sources */,
			);
			runOnlyForDeploymentPostprocessing = 0;
		};
		6D1A938D2BB7520600583EE0 /* Sources */ = {
			isa = PBXSourcesBuildPhase;
			buildActionMask = 2147483647;
			files = (
				6D1A93962BB7520600583EE0 /* HandiCraftsTests.swift in Sources */,
			);
			runOnlyForDeploymentPostprocessing = 0;
		};
		6D1A93972BB7520600583EE0 /* Sources */ = {
			isa = PBXSourcesBuildPhase;
			buildActionMask = 2147483647;
			files = (
				6D1A93A22BB7520600583EE0 /* HandiCraftsUITestsLaunchTests.swift in Sources */,
				6D1A93A02BB7520600583EE0 /* HandiCraftsUITests.swift in Sources */,
			);
			runOnlyForDeploymentPostprocessing = 0;
		};
/* End PBXSourcesBuildPhase section */

/* Begin PBXTargetDependency section */
		6D1A93932BB7520600583EE0 /* PBXTargetDependency */ = {
			isa = PBXTargetDependency;
			target = 6D1A93802BB7520400583EE0 /* HandiCrafts */;
			targetProxy = 6D1A93922BB7520600583EE0 /* PBXContainerItemProxy */;
		};
		6D1A939D2BB7520600583EE0 /* PBXTargetDependency */ = {
			isa = PBXTargetDependency;
			target = 6D1A93802BB7520400583EE0 /* HandiCrafts */;
			targetProxy = 6D1A939C2BB7520600583EE0 /* PBXContainerItemProxy */;
		};
/* End PBXTargetDependency section */

/* Begin XCBuildConfiguration section */
		6D1A93A32BB7520600583EE0 /* Debug */ = {
			isa = XCBuildConfiguration;
			buildSettings = {
				ALWAYS_SEARCH_USER_PATHS = NO;
				ASSETCATALOG_COMPILER_GENERATE_SWIFT_ASSET_SYMBOL_EXTENSIONS = YES;
				CLANG_ANALYZER_NONNULL = YES;
				CLANG_ANALYZER_NUMBER_OBJECT_CONVERSION = YES_AGGRESSIVE;
				CLANG_CXX_LANGUAGE_STANDARD = "gnu++20";
				CLANG_ENABLE_MODULES = YES;
				CLANG_ENABLE_OBJC_ARC = YES;
				CLANG_ENABLE_OBJC_WEAK = YES;
				CLANG_WARN_BLOCK_CAPTURE_AUTORELEASING = YES;
				CLANG_WARN_BOOL_CONVERSION = YES;
				CLANG_WARN_COMMA = YES;
				CLANG_WARN_CONSTANT_CONVERSION = YES;
				CLANG_WARN_DEPRECATED_OBJC_IMPLEMENTATIONS = YES;
				CLANG_WARN_DIRECT_OBJC_ISA_USAGE = YES_ERROR;
				CLANG_WARN_DOCUMENTATION_COMMENTS = YES;
				CLANG_WARN_EMPTY_BODY = YES;
				CLANG_WARN_ENUM_CONVERSION = YES;
				CLANG_WARN_INFINITE_RECURSION = YES;
				CLANG_WARN_INT_CONVERSION = YES;
				CLANG_WARN_NON_LITERAL_NULL_CONVERSION = YES;
				CLANG_WARN_OBJC_IMPLICIT_RETAIN_SELF = YES;
				CLANG_WARN_OBJC_LITERAL_CONVERSION = YES;
				CLANG_WARN_OBJC_ROOT_CLASS = YES_ERROR;
				CLANG_WARN_QUOTED_INCLUDE_IN_FRAMEWORK_HEADER = YES;
				CLANG_WARN_RANGE_LOOP_ANALYSIS = YES;
				CLANG_WARN_STRICT_PROTOTYPES = YES;
				CLANG_WARN_SUSPICIOUS_MOVE = YES;
				CLANG_WARN_UNGUARDED_AVAILABILITY = YES_AGGRESSIVE;
				CLANG_WARN_UNREACHABLE_CODE = YES;
				CLANG_WARN__DUPLICATE_METHOD_MATCH = YES;
				COPY_PHASE_STRIP = NO;
				DEBUG_INFORMATION_FORMAT = dwarf;
				ENABLE_STRICT_OBJC_MSGSEND = YES;
				ENABLE_TESTABILITY = YES;
				ENABLE_USER_SCRIPT_SANDBOXING = YES;
				GCC_C_LANGUAGE_STANDARD = gnu17;
				GCC_DYNAMIC_NO_PIC = NO;
				GCC_NO_COMMON_BLOCKS = YES;
				GCC_OPTIMIZATION_LEVEL = 0;
				GCC_PREPROCESSOR_DEFINITIONS = (
					"DEBUG=1",
					"$(inherited)",
				);
				GCC_WARN_64_TO_32_BIT_CONVERSION = YES;
				GCC_WARN_ABOUT_RETURN_TYPE = YES_ERROR;
				GCC_WARN_UNDECLARED_SELECTOR = YES;
				GCC_WARN_UNINITIALIZED_AUTOS = YES_AGGRESSIVE;
				GCC_WARN_UNUSED_FUNCTION = YES;
				GCC_WARN_UNUSED_VARIABLE = YES;
				IPHONEOS_DEPLOYMENT_TARGET = 17.4;
				LOCALIZATION_PREFERS_STRING_CATALOGS = YES;
				MTL_ENABLE_DEBUG_INFO = INCLUDE_SOURCE;
				MTL_FAST_MATH = YES;
				ONLY_ACTIVE_ARCH = YES;
				SDKROOT = iphoneos;
				SWIFT_ACTIVE_COMPILATION_CONDITIONS = "DEBUG $(inherited)";
				SWIFT_OPTIMIZATION_LEVEL = "-Onone";
			};
			name = Debug;
		};
		6D1A93A42BB7520600583EE0 /* Release */ = {
			isa = XCBuildConfiguration;
			buildSettings = {
				ALWAYS_SEARCH_USER_PATHS = NO;
				ASSETCATALOG_COMPILER_GENERATE_SWIFT_ASSET_SYMBOL_EXTENSIONS = YES;
				CLANG_ANALYZER_NONNULL = YES;
				CLANG_ANALYZER_NUMBER_OBJECT_CONVERSION = YES_AGGRESSIVE;
				CLANG_CXX_LANGUAGE_STANDARD = "gnu++20";
				CLANG_ENABLE_MODULES = YES;
				CLANG_ENABLE_OBJC_ARC = YES;
				CLANG_ENABLE_OBJC_WEAK = YES;
				CLANG_WARN_BLOCK_CAPTURE_AUTORELEASING = YES;
				CLANG_WARN_BOOL_CONVERSION = YES;
				CLANG_WARN_COMMA = YES;
				CLANG_WARN_CONSTANT_CONVERSION = YES;
				CLANG_WARN_DEPRECATED_OBJC_IMPLEMENTATIONS = YES;
				CLANG_WARN_DIRECT_OBJC_ISA_USAGE = YES_ERROR;
				CLANG_WARN_DOCUMENTATION_COMMENTS = YES;
				CLANG_WARN_EMPTY_BODY = YES;
				CLANG_WARN_ENUM_CONVERSION = YES;
				CLANG_WARN_INFINITE_RECURSION = YES;
				CLANG_WARN_INT_CONVERSION = YES;
				CLANG_WARN_NON_LITERAL_NULL_CONVERSION = YES;
				CLANG_WARN_OBJC_IMPLICIT_RETAIN_SELF = YES;
				CLANG_WARN_OBJC_LITERAL_CONVERSION = YES;
				CLANG_WARN_OBJC_ROOT_CLASS = YES_ERROR;
				CLANG_WARN_QUOTED_INCLUDE_IN_FRAMEWORK_HEADER = YES;
				CLANG_WARN_RANGE_LOOP_ANALYSIS = YES;
				CLANG_WARN_STRICT_PROTOTYPES = YES;
				CLANG_WARN_SUSPICIOUS_MOVE = YES;
				CLANG_WARN_UNGUARDED_AVAILABILITY = YES_AGGRESSIVE;
				CLANG_WARN_UNREACHABLE_CODE = YES;
				CLANG_WARN__DUPLICATE_METHOD_MATCH = YES;
				COPY_PHASE_STRIP = NO;
				DEBUG_INFORMATION_FORMAT = "dwarf-with-dsym";
				ENABLE_NS_ASSERTIONS = NO;
				ENABLE_STRICT_OBJC_MSGSEND = YES;
				ENABLE_USER_SCRIPT_SANDBOXING = YES;
				GCC_C_LANGUAGE_STANDARD = gnu17;
				GCC_NO_COMMON_BLOCKS = YES;
				GCC_WARN_64_TO_32_BIT_CONVERSION = YES;
				GCC_WARN_ABOUT_RETURN_TYPE = YES_ERROR;
				GCC_WARN_UNDECLARED_SELECTOR = YES;
				GCC_WARN_UNINITIALIZED_AUTOS = YES_AGGRESSIVE;
				GCC_WARN_UNUSED_FUNCTION = YES;
				GCC_WARN_UNUSED_VARIABLE = YES;
				IPHONEOS_DEPLOYMENT_TARGET = 17.4;
				LOCALIZATION_PREFERS_STRING_CATALOGS = YES;
				MTL_ENABLE_DEBUG_INFO = NO;
				MTL_FAST_MATH = YES;
				SDKROOT = iphoneos;
				SWIFT_COMPILATION_MODE = wholemodule;
				VALIDATE_PRODUCT = YES;
			};
			name = Release;
		};
		6D1A93A62BB7520600583EE0 /* Debug */ = {
			isa = XCBuildConfiguration;
			buildSettings = {
				ASSETCATALOG_COMPILER_APPICON_NAME = AppIcon;
				ASSETCATALOG_COMPILER_GLOBAL_ACCENT_COLOR_NAME = AccentColor;
				CODE_SIGN_STYLE = Automatic;
				CURRENT_PROJECT_VERSION = 1;
				DEVELOPMENT_ASSET_PATHS = "\"HandiCrafts/Preview Content\"";
				DEVELOPMENT_TEAM = Q6L5C5XTZ2;
				ENABLE_PREVIEWS = YES;
				GENERATE_INFOPLIST_FILE = YES;
				INFOPLIST_KEY_UIApplicationSceneManifest_Generation = YES;
				INFOPLIST_KEY_UIApplicationSupportsIndirectInputEvents = YES;
				INFOPLIST_KEY_UILaunchScreen_Generation = YES;
				INFOPLIST_KEY_UISupportedInterfaceOrientations_iPad = "UIInterfaceOrientationPortrait UIInterfaceOrientationPortraitUpsideDown UIInterfaceOrientationLandscapeLeft UIInterfaceOrientationLandscapeRight";
				INFOPLIST_KEY_UISupportedInterfaceOrientations_iPhone = "UIInterfaceOrientationPortrait UIInterfaceOrientationLandscapeLeft UIInterfaceOrientationLandscapeRight";
				LD_RUNPATH_SEARCH_PATHS = (
					"$(inherited)",
					"@executable_path/Frameworks",
				);
				MARKETING_VERSION = 1.0;
				PRODUCT_BUNDLE_IDENTIFIER = com.myApp.sevdaabbasi.HandiCrafts;
				PRODUCT_NAME = "$(TARGET_NAME)";
				SWIFT_EMIT_LOC_STRINGS = YES;
				SWIFT_VERSION = 5.0;
				TARGETED_DEVICE_FAMILY = "1,2";
			};
			name = Debug;
		};
		6D1A93A72BB7520600583EE0 /* Release */ = {
			isa = XCBuildConfiguration;
			buildSettings = {
				ASSETCATALOG_COMPILER_APPICON_NAME = AppIcon;
				ASSETCATALOG_COMPILER_GLOBAL_ACCENT_COLOR_NAME = AccentColor;
				CODE_SIGN_STYLE = Automatic;
				CURRENT_PROJECT_VERSION = 1;
				DEVELOPMENT_ASSET_PATHS = "\"HandiCrafts/Preview Content\"";
				DEVELOPMENT_TEAM = Q6L5C5XTZ2;
				ENABLE_PREVIEWS = YES;
				GENERATE_INFOPLIST_FILE = YES;
				INFOPLIST_KEY_UIApplicationSceneManifest_Generation = YES;
				INFOPLIST_KEY_UIApplicationSupportsIndirectInputEvents = YES;
				INFOPLIST_KEY_UILaunchScreen_Generation = YES;
				INFOPLIST_KEY_UISupportedInterfaceOrientations_iPad = "UIInterfaceOrientationPortrait UIInterfaceOrientationPortraitUpsideDown UIInterfaceOrientationLandscapeLeft UIInterfaceOrientationLandscapeRight";
				INFOPLIST_KEY_UISupportedInterfaceOrientations_iPhone = "UIInterfaceOrientationPortrait UIInterfaceOrientationLandscapeLeft UIInterfaceOrientationLandscapeRight";
				LD_RUNPATH_SEARCH_PATHS = (
					"$(inherited)",
					"@executable_path/Frameworks",
				);
				MARKETING_VERSION = 1.0;
				PRODUCT_BUNDLE_IDENTIFIER = com.myApp.sevdaabbasi.HandiCrafts;
				PRODUCT_NAME = "$(TARGET_NAME)";
				SWIFT_EMIT_LOC_STRINGS = YES;
				SWIFT_VERSION = 5.0;
				TARGETED_DEVICE_FAMILY = "1,2";
			};
			name = Release;
		};
		6D1A93A92BB7520600583EE0 /* Debug */ = {
			isa = XCBuildConfiguration;
			buildSettings = {
				ALWAYS_EMBED_SWIFT_STANDARD_LIBRARIES = YES;
				BUNDLE_LOADER = "$(TEST_HOST)";
				CODE_SIGN_STYLE = Automatic;
				CURRENT_PROJECT_VERSION = 1;
				DEVELOPMENT_TEAM = Q6L5C5XTZ2;
				GENERATE_INFOPLIST_FILE = YES;
				IPHONEOS_DEPLOYMENT_TARGET = 17.4;
				MARKETING_VERSION = 1.0;
				PRODUCT_BUNDLE_IDENTIFIER = com.myApp.sevdaabbasi.HandiCraftsTests;
				PRODUCT_NAME = "$(TARGET_NAME)";
				SWIFT_EMIT_LOC_STRINGS = NO;
				SWIFT_VERSION = 5.0;
				TARGETED_DEVICE_FAMILY = "1,2";
				TEST_HOST = "$(BUILT_PRODUCTS_DIR)/HandiCrafts.app/$(BUNDLE_EXECUTABLE_FOLDER_PATH)/HandiCrafts";
			};
			name = Debug;
		};
		6D1A93AA2BB7520600583EE0 /* Release */ = {
			isa = XCBuildConfiguration;
			buildSettings = {
				ALWAYS_EMBED_SWIFT_STANDARD_LIBRARIES = YES;
				BUNDLE_LOADER = "$(TEST_HOST)";
				CODE_SIGN_STYLE = Automatic;
				CURRENT_PROJECT_VERSION = 1;
				DEVELOPMENT_TEAM = Q6L5C5XTZ2;
				GENERATE_INFOPLIST_FILE = YES;
				IPHONEOS_DEPLOYMENT_TARGET = 17.4;
				MARKETING_VERSION = 1.0;
				PRODUCT_BUNDLE_IDENTIFIER = com.myApp.sevdaabbasi.HandiCraftsTests;
				PRODUCT_NAME = "$(TARGET_NAME)";
				SWIFT_EMIT_LOC_STRINGS = NO;
				SWIFT_VERSION = 5.0;
				TARGETED_DEVICE_FAMILY = "1,2";
				TEST_HOST = "$(BUILT_PRODUCTS_DIR)/HandiCrafts.app/$(BUNDLE_EXECUTABLE_FOLDER_PATH)/HandiCrafts";
			};
			name = Release;
		};
		6D1A93AC2BB7520600583EE0 /* Debug */ = {
			isa = XCBuildConfiguration;
			buildSettings = {
				ALWAYS_EMBED_SWIFT_STANDARD_LIBRARIES = YES;
				CODE_SIGN_STYLE = Automatic;
				CURRENT_PROJECT_VERSION = 1;
				DEVELOPMENT_TEAM = Q6L5C5XTZ2;
				GENERATE_INFOPLIST_FILE = YES;
				MARKETING_VERSION = 1.0;
				PRODUCT_BUNDLE_IDENTIFIER = com.myApp.sevdaabbasi.HandiCraftsUITests;
				PRODUCT_NAME = "$(TARGET_NAME)";
				SWIFT_EMIT_LOC_STRINGS = NO;
				SWIFT_VERSION = 5.0;
				TARGETED_DEVICE_FAMILY = "1,2";
				TEST_TARGET_NAME = HandiCrafts;
			};
			name = Debug;
		};
		6D1A93AD2BB7520600583EE0 /* Release */ = {
			isa = XCBuildConfiguration;
			buildSettings = {
				ALWAYS_EMBED_SWIFT_STANDARD_LIBRARIES = YES;
				CODE_SIGN_STYLE = Automatic;
				CURRENT_PROJECT_VERSION = 1;
				DEVELOPMENT_TEAM = Q6L5C5XTZ2;
				GENERATE_INFOPLIST_FILE = YES;
				MARKETING_VERSION = 1.0;
				PRODUCT_BUNDLE_IDENTIFIER = com.myApp.sevdaabbasi.HandiCraftsUITests;
				PRODUCT_NAME = "$(TARGET_NAME)";
				SWIFT_EMIT_LOC_STRINGS = NO;
				SWIFT_VERSION = 5.0;
				TARGETED_DEVICE_FAMILY = "1,2";
				TEST_TARGET_NAME = HandiCrafts;
			};
			name = Release;
		};
/* End XCBuildConfiguration section */

/* Begin XCConfigurationList section */
		6D1A937C2BB7520300583EE0 /* Build configuration list for PBXProject "HandiCrafts" */ = {
			isa = XCConfigurationList;
			buildConfigurations = (
				6D1A93A32BB7520600583EE0 /* Debug */,
				6D1A93A42BB7520600583EE0 /* Release */,
			);
			defaultConfigurationIsVisible = 0;
			defaultConfigurationName = Release;
		};
		6D1A93A52BB7520600583EE0 /* Build configuration list for PBXNativeTarget "HandiCrafts" */ = {
			isa = XCConfigurationList;
			buildConfigurations = (
				6D1A93A62BB7520600583EE0 /* Debug */,
				6D1A93A72BB7520600583EE0 /* Release */,
			);
			defaultConfigurationIsVisible = 0;
			defaultConfigurationName = Release;
		};
		6D1A93A82BB7520600583EE0 /* Build configuration list for PBXNativeTarget "HandiCraftsTests" */ = {
			isa = XCConfigurationList;
			buildConfigurations = (
				6D1A93A92BB7520600583EE0 /* Debug */,
				6D1A93AA2BB7520600583EE0 /* Release */,
			);
			defaultConfigurationIsVisible = 0;
			defaultConfigurationName = Release;
		};
		6D1A93AB2BB7520600583EE0 /* Build configuration list for PBXNativeTarget "HandiCraftsUITests" */ = {
			isa = XCConfigurationList;
			buildConfigurations = (
				6D1A93AC2BB7520600583EE0 /* Debug */,
				6D1A93AD2BB7520600583EE0 /* Release */,
			);
			defaultConfigurationIsVisible = 0;
			defaultConfigurationName = Release;
		};
/* End XCConfigurationList section */
	};
	rootObject = 6D1A93792BB7520300583EE0 /* Project object */;
}
